
Microsoft Visual Studio Solution File, Format Version 12.00
# Visual Studio Version 17
VisualStudioVersion = 17.9.34728.123
MinimumVisualStudioVersion = 10.0.40219.1
Project("{FAE04EC0-301F-11D3-BF4B-00C04F79EFBC}") = "abtractFactory", "abtractFactory.csproj", "{E3FDC90B-BF86-4AD3-A086-278B251A0584}"
EndProject
Global
	GlobalSection(SolutionConfigurationPlatforms) = preSolution
		Debug|Any CPU = Debug|Any CPU
		Release|Any CPU = Release|Any CPU
	EndGlobalSection
	GlobalSection(ProjectConfigurationPlatforms) = postSolution
		{E3FDC90B-BF86-4AD3-A086-278B251A0584}.Debug|Any CPU.ActiveCfg = Debug|Any CPU
		{E3FDC90B-BF86-4AD3-A086-278B251A0584}.Debug|Any CPU.Build.0 = Debug|Any CPU
		{E3FDC90B-BF86-4AD3-A086-278B251A0584}.Release|Any CPU.ActiveCfg = Release|Any CPU
		{E3FDC90B-BF86-4AD3-A086-278B251A0584}.Release|Any CPU.Build.0 = Release|Any CPU
	EndGlobalSection
	GlobalSection(SolutionProperties) = preSolution
		HideSolutionNode = FALSE
	EndGlobalSection
	GlobalSection(ExtensibilityGlobals) = postSolution
		SolutionGuid = {F1C15647-E222-4CF0-BA4E-E496828E4E40}
	EndGlobalSection
EndGlobal
